
Microsoft Visual Studio Solution File, Format Version 11.00
# Visual Studio 2010
Project("{325B8569-0C7C-4A6A-8AF8-89C3B6BC9E74}") = "HelloRuby", "HelloRuby.stproj", "{10F36CE0-05A8-46DF-A7CB-2FE576721476}"
EndProject
Global
	GlobalSection(SolutionConfigurationPlatforms) = preSolution
		Debug|AnyCPU = Debug|AnyCPU
		Release|AnyCPU = Release|AnyCPU
	EndGlobalSection
	GlobalSection(ProjectConfigurationPlatforms) = postSolution
		{10F36CE0-05A8-46DF-A7CB-2FE576721476}.Debug|AnyCPU.ActiveCfg = Debug|AnyCPU
		{10F36CE0-05A8-46DF-A7CB-2FE576721476}.Debug|AnyCPU.Build.0 = Debug|AnyCPU
		{10F36CE0-05A8-46DF-A7CB-2FE576721476}.Release|AnyCPU.ActiveCfg = Release|AnyCPU
		{10F36CE0-05A8-46DF-A7CB-2FE576721476}.Release|AnyCPU.Build.0 = Release|AnyCPU
	EndGlobalSection
	GlobalSection(SolutionProperties) = preSolution
		HideSolutionNode = FALSE
	EndGlobalSection
EndGlobal
